// !$*UTF8*$!
{
	archiveVersion = 1;
	classes = {
	};
	objectVersion = 46;
	objects = {

/* Begin PBXBuildFile section */
		52C75BF41A54442E00415F81 /* AppDelegate.swift in Sources */ = {isa = PBXBuildFile; fileRef = 52C75BF31A54442E00415F81 /* AppDelegate.swift */; };
		52C75BF61A54442E00415F81 /* ViewController.swift in Sources */ = {isa = PBXBuildFile; fileRef = 52C75BF51A54442E00415F81 /* ViewController.swift */; };
		52C75BF91A54442E00415F81 /* Main.storyboard in Resources */ = {isa = PBXBuildFile; fileRef = 52C75BF71A54442E00415F81 /* Main.storyboard */; };
		52C75BFB1A54442E00415F81 /* Images.xcassets in Resources */ = {isa = PBXBuildFile; fileRef = 52C75BFA1A54442E00415F81 /* Images.xcassets */; };
		52C75BFE1A54442E00415F81 /* LaunchScreen.xib in Resources */ = {isa = PBXBuildFile; fileRef = 52C75BFC1A54442E00415F81 /* LaunchScreen.xib */; };
		52C75C0A1A54442E00415F81 /* CustomSeguesTests.swift in Sources */ = {isa = PBXBuildFile; fileRef = 52C75C091A54442E00415F81 /* CustomSeguesTests.swift */; };
/* End PBXBuildFile section */

/* Begin PBXContainerItemProxy section */
		52C75C041A54442E00415F81 /* PBXContainerItemProxy */ = {
			isa = PBXContainerItemProxy;
			containerPortal = 52C75BE61A54442E00415F81 /* Project object */;
			proxyType = 1;
			remoteGlobalIDString = 52C75BED1A54442E00415F81;
			remoteInfo = CustomSegues;
		};
/* End PBXContainerItemProxy section */

/* Begin PBXFileReference section */
		52C75BEE1A54442E00415F81 /* CustomSegues.app */ = {isa = PBXFileReference; explicitFileType = wrapper.application; includeInIndex = 0; path = CustomSegues.app; sourceTree = BUILT_PRODUCTS_DIR; };
		52C75BF21A54442E00415F81 /* Info.plist */ = {isa = PBXFileReference; lastKnownFileType = text.plist.xml; path = Info.plist; sourceTree = "<group>"; };
		52C75BF31A54442E00415F81 /* AppDelegate.swift */ = {isa = PBXFileReference; lastKnownFileType = sourcecode.swift; path = AppDelegate.swift; sourceTree = "<group>"; };
		52C75BF51A54442E00415F81 /* ViewController.swift */ = {isa = PBXFileReference; lastKnownFileType = sourcecode.swift; path = ViewController.swift; sourceTree = "<group>"; };
		52C75BF81A54442E00415F81 /* Base */ = {isa = PBXFileReference; lastKnownFileType = file.storyboard; name = Base; path = Base.lproj/Main.storyboard; sourceTree = "<group>"; };
		52C75BFA1A54442E00415F81 /* Images.xcassets */ = {isa = PBXFileReference; lastKnownFileType = folder.assetcatalog; path = Images.xcassets; sourceTree = "<group>"; };
		52C75BFD1A54442E00415F81 /* Base */ = {isa = PBXFileReference; lastKnownFileType = file.xib; name = Base; path = Base.lproj/LaunchScreen.xib; sourceTree = "<group>"; };
		52C75C031A54442E00415F81 /* CustomSeguesTests.xctest */ = {isa = PBXFileReference; explicitFileType = wrapper.cfbundle; includeInIndex = 0; path = CustomSeguesTests.xctest; sourceTree = BUILT_PRODUCTS_DIR; };
		52C75C081A54442E00415F81 /* Info.plist */ = {isa = PBXFileReference; lastKnownFileType = text.plist.xml; path = Info.plist; sourceTree = "<group>"; };
		52C75C091A54442E00415F81 /* CustomSeguesTests.swift */ = {isa = PBXFileReference; lastKnownFileType = sourcecode.swift; path = CustomSeguesTests.swift; sourceTree = "<group>"; };
/* End PBXFileReference section */

/* Begin PBXFrameworksBuildPhase section */
		52C75BEB1A54442E00415F81 /* Frameworks */ = {
			isa = PBXFrameworksBuildPhase;
			buildActionMask = 2147483647;
			files = (
			);
			runOnlyForDeploymentPostprocessing = 0;
		};
		52C75C001A54442E00415F81 /* Frameworks */ = {
			isa = PBXFrameworksBuildPhase;
			buildActionMask = 2147483647;
			files = (
			);
			runOnlyForDeploymentPostprocessing = 0;
		};
/* End PBXFrameworksBuildPhase section */

/* Begin PBXGroup section */
		52C75BE51A54442E00415F81 = {
			isa = PBXGroup;
			children = (
				52C75BF01A54442E00415F81 /* CustomSegues */,
				52C75C061A54442E00415F81 /* CustomSeguesTests */,
				52C75BEF1A54442E00415F81 /* Products */,
			);
			sourceTree = "<group>";
		};
		52C75BEF1A54442E00415F81 /* Products */ = {
			isa = PBXGroup;
			children = (
				52C75BEE1A54442E00415F81 /* CustomSegues.app */,
				52C75C031A54442E00415F81 /* CustomSeguesTests.xctest */,
			);
			name = Products;
			sourceTree = "<group>";
		};
		52C75BF01A54442E00415F81 /* CustomSegues */ = {
			isa = PBXGroup;
			children = (
				52C75BF31A54442E00415F81 /* AppDelegate.swift */,
				52C75BF51A54442E00415F81 /* ViewController.swift */,
				52C75BF71A54442E00415F81 /* Main.storyboard */,
				52C75BFA1A54442E00415F81 /* Images.xcassets */,
				52C75BFC1A54442E00415F81 /* LaunchScreen.xib */,
				52C75BF11A54442E00415F81 /* Supporting Files */,
			);
			path = CustomSegues;
			sourceTree = "<group>";
		};
		52C75BF11A54442E00415F81 /* Supporting Files */ = {
			isa = PBXGroup;
			children = (
				52C75BF21A54442E00415F81 /* Info.plist */,
			);
			name = "Supporting Files";
			sourceTree = "<group>";
		};
		52C75C061A54442E00415F81 /* CustomSeguesTests */ = {
			isa = PBXGroup;
			children = (
				52C75C091A54442E00415F81 /* CustomSeguesTests.swift */,
				52C75C071A54442E00415F81 /* Supporting Files */,
			);
			path = CustomSeguesTests;
			sourceTree = "<group>";
		};
		52C75C071A54442E00415F81 /* Supporting Files */ = {
			isa = PBXGroup;
			children = (
				52C75C081A54442E00415F81 /* Info.plist */,
			);
			name = "Supporting Files";
			sourceTree = "<group>";
		};
/* End PBXGroup section */

/* Begin PBXNativeTarget section */
		52C75BED1A54442E00415F81 /* CustomSegues */ = {
			isa = PBXNativeTarget;
			buildConfigurationList = 52C75C0D1A54442E00415F81 /* Build configuration list for PBXNativeTarget "CustomSegues" */;
			buildPhases = (
				52C75BEA1A54442E00415F81 /* Sources */,
				52C75BEB1A54442E00415F81 /* Frameworks */,
				52C75BEC1A54442E00415F81 /* Resources */,
			);
			buildRules = (
			);
			dependencies = (
			);
			name = CustomSegues;
			productName = CustomSegues;
			productReference = 52C75BEE1A54442E00415F81 /* CustomSegues.app */;
			productType = "com.apple.product-type.application";
		};
		52C75C021A54442E00415F81 /* CustomSeguesTests */ = {
			isa = PBXNativeTarget;
			buildConfigurationList = 52C75C101A54442E00415F81 /* Build configuration list for PBXNativeTarget "CustomSeguesTests" */;
			buildPhases = (
				52C75BFF1A54442E00415F81 /* Sources */,
				52C75C001A54442E00415F81 /* Frameworks */,
				52C75C011A54442E00415F81 /* Resources */,
			);
			buildRules = (
			);
			dependencies = (
				52C75C051A54442E00415F81 /* PBXTargetDependency */,
			);
			name = CustomSeguesTests;
			productName = CustomSeguesTests;
			productReference = 52C75C031A54442E00415F81 /* CustomSeguesTests.xctest */;
			productType = "com.apple.product-type.bundle.unit-test";
		};
/* End PBXNativeTarget section */

/* Begin PBXProject section */
		52C75BE61A54442E00415F81 /* Project object */ = {
			isa = PBXProject;
			attributes = {
				LastUpgradeCheck = 0610;
				ORGANIZATIONNAME = "sam wong";
				TargetAttributes = {
					52C75BED1A54442E00415F81 = {
						CreatedOnToolsVersion = 6.1.1;
					};
					52C75C021A54442E00415F81 = {
						CreatedOnToolsVersion = 6.1.1;
						TestTargetID = 52C75BED1A54442E00415F81;
					};
				};
			};
			buildConfigurationList = 52C75BE91A54442E00415F81 /* Build configuration list for PBXProject "CustomSegues" */;
			compatibilityVersion = "Xcode 3.2";
			developmentRegion = English;
			hasScannedForEncodings = 0;
			knownRegions = (
				en,
				Base,
			);
			mainGroup = 52C75BE51A54442E00415F81;
			productRefGroup = 52C75BEF1A54442E00415F81 /* Products */;
			projectDirPath = "";
			projectRoot = "";
			targets = (
				52C75BED1A54442E00415F81 /* CustomSegues */,
				52C75C021A54442E00415F81 /* CustomSeguesTests */,
			);
		};
/* End PBXProject section */

/* Begin PBXResourcesBuildPhase section */
		52C75BEC1A54442E00415F81 /* Resources */ = {
			isa = PBXResourcesBuildPhase;
			buildActionMask = 2147483647;
			files = (
				52C75BF91A54442E00415F81 /* Main.storyboard in Resources */,
				52C75BFE1A54442E00415F81 /* LaunchScreen.xib in Resources */,
				52C75BFB1A54442E00415F81 /* Images.xcassets in Resources */,
			);
			runOnlyForDeploymentPostprocessing = 0;
		};
		52C75C011A54442E00415F81 /* Resources */ = {
			isa = PBXResourcesBuildPhase;
			buildActionMask = 2147483647;
			files = (
			);
			runOnlyForDeploymentPostprocessing = 0;
		};
/* End PBXResourcesBuildPhase section */

/* Begin PBXSourcesBuildPhase section */
		52C75BEA1A54442E00415F81 /* Sources */ = {
			isa = PBXSourcesBuildPhase;
			buildActionMask = 2147483647;
			files = (
				52C75BF61A54442E00415F81 /* ViewController.swift in Sources */,
				52C75BF41A54442E00415F81 /* AppDelegate.swift in Sources */,
			);
			runOnlyForDeploymentPostprocessing = 0;
		};
		52C75BFF1A54442E00415F81 /* Sources */ = {
			isa = PBXSourcesBuildPhase;
			buildActionMask = 2147483647;
			files = (
				52C75C0A1A54442E00415F81 /* CustomSeguesTests.swift in Sources */,
			);
			runOnlyForDeploymentPostprocessing = 0;
		};
/* End PBXSourcesBuildPhase section */

/* Begin PBXTargetDependency section */
		52C75C051A54442E00415F81 /* PBXTargetDependency */ = {
			isa = PBXTargetDependency;
			target = 52C75BED1A54442E00415F81 /* CustomSegues */;
			targetProxy = 52C75C041A54442E00415F81 /* PBXContainerItemProxy */;
		};
/* End PBXTargetDependency section */

/* Begin PBXVariantGroup section */
		52C75BF71A54442E00415F81 /* Main.storyboard */ = {
			isa = PBXVariantGroup;
			children = (
				52C75BF81A54442E00415F81 /* Base */,
			);
			name = Main.storyboard;
			sourceTree = "<group>";
		};
		52C75BFC1A54442E00415F81 /* LaunchScreen.xib */ = {
			isa = PBXVariantGroup;
			children = (
				52C75BFD1A54442E00415F81 /* Base */,
			);
			name = LaunchScreen.xib;
			sourceTree = "<group>";
		};
/* End PBXVariantGroup section */

/* Begin XCBuildConfiguration section */
		52C75C0B1A54442E00415F81 /* Debug */ = {
			isa = XCBuildConfiguration;
			buildSettings = {
				ALWAYS_SEARCH_USER_PATHS = NO;
				CLANG_CXX_LANGUAGE_STANDARD = "gnu++0x";
				CLANG_CXX_LIBRARY = "libc++";
				CLANG_ENABLE_MODULES = YES;
				CLANG_ENABLE_OBJC_ARC = YES;
				CLANG_WARN_BOOL_CONVERSION = YES;
				CLANG_WARN_CONSTANT_CONVERSION = YES;
				CLANG_WARN_DIRECT_OBJC_ISA_USAGE = YES_ERROR;
				CLANG_WARN_EMPTY_BODY = YES;
				CLANG_WARN_ENUM_CONVERSION = YES;
				CLANG_WARN_INT_CONVERSION = YES;
				CLANG_WARN_OBJC_ROOT_CLASS = YES_ERROR;
				CLANG_WARN_UNREACHABLE_CODE = YES;
				CLANG_WARN__DUPLICATE_METHOD_MATCH = YES;
				"CODE_SIGN_IDENTITY[sdk=iphoneos*]" = "iPhone Developer";
				COPY_PHASE_STRIP = NO;
				ENABLE_STRICT_OBJC_MSGSEND = YES;
				GCC_C_LANGUAGE_STANDARD = gnu99;
				GCC_DYNAMIC_NO_PIC = NO;
				GCC_OPTIMIZATION_LEVEL = 0;
				GCC_PREPROCESSOR_DEFINITIONS = (
					"DEBUG=1",
					"$(inherited)",
				);
				GCC_SYMBOLS_PRIVATE_EXTERN = NO;
				GCC_WARN_64_TO_32_BIT_CONVERSION = YES;
				GCC_WARN_ABOUT_RETURN_TYPE = YES_ERROR;
				GCC_WARN_UNDECLARED_SELECTOR = YES;
				GCC_WARN_UNINITIALIZED_AUTOS = YES_AGGRESSIVE;
				GCC_WARN_UNUSED_FUNCTION = YES;
				GCC_WARN_UNUSED_VARIABLE = YES;
				IPHONEOS_DEPLOYMENT_TARGET = 8.1;
				MTL_ENABLE_DEBUG_INFO = YES;
				ONLY_ACTIVE_ARCH = YES;
				SDKROOT = iphoneos;
				SWIFT_OPTIMIZATION_LEVEL = "-Onone";
			};
			name = Debug;
		};
		52C75C0C1A54442E00415F81 /* Release */ = {
			isa = XCBuildConfiguration;
			buildSettings = {
				ALWAYS_SEARCH_USER_PATHS = NO;
				CLANG_CXX_LANGUAGE_STANDARD = "gnu++0x";
				CLANG_CXX_LIBRARY = "libc++";
				CLANG_ENABLE_MODULES = YES;
				CLANG_ENABLE_OBJC_ARC = YES;
				CLANG_WARN_BOOL_CONVERSION = YES;
				CLANG_WARN_CONSTANT_CONVERSION = YES;
				CLANG_WARN_DIRECT_OBJC_ISA_USAGE = YES_ERROR;
				CLANG_WARN_EMPTY_BODY = YES;
				CLANG_WARN_ENUM_CONVERSION = YES;
				CLANG_WARN_INT_CONVERSION = YES;
				CLANG_WARN_OBJC_ROOT_CLASS = YES_ERROR;
				CLANG_WARN_UNREACHABLE_CODE = YES;
				CLANG_WARN__DUPLICATE_METHOD_MATCH = YES;
				"CODE_SIGN_IDENTITY[sdk=iphoneos*]" = "iPhone Developer";
				COPY_PHASE_STRIP = YES;
				ENABLE_NS_ASSERTIONS = NO;
				ENABLE_STRICT_OBJC_MSGSEND = YES;
				GCC_C_LANGUAGE_STANDARD = gnu99;
				GCC_WARN_64_TO_32_BIT_CONVERSION = YES;
				GCC_WARN_ABOUT_RETURN_TYPE = YES_ERROR;
				GCC_WARN_UNDECLARED_SELECTOR = YES;
				GCC_WARN_UNINITIALIZED_AUTOS = YES_AGGRESSIVE;
				GCC_WARN_UNUSED_FUNCTION = YES;
				GCC_WARN_UNUSED_VARIABLE = YES;
				IPHONEOS_DEPLOYMENT_TARGET = 8.1;
				MTL_ENABLE_DEBUG_INFO = NO;
				SDKROOT = iphoneos;
				VALIDATE_PRODUCT = YES;
			};
			name = Release;
		};
		52C75C0E1A54442E00415F81 /* Debug */ = {
			isa = XCBuildConfiguration;
			buildSettings = {
				ASSETCATALOG_COMPILER_APPICON_NAME = AppIcon;
				INFOPLIST_FILE = CustomSegues/Info.plist;
				LD_RUNPATH_SEARCH_PATHS = "$(inherited) @executable_path/Frameworks";
				PRODUCT_NAME = "$(TARGET_NAME)";
			};
			name = Debug;
		};
		52C75C0F1A54442E00415F81 /* Release */ = {
			isa = XCBuildConfiguration;
			buildSettings = {
				ASSETCATALOG_COMPILER_APPICON_NAME = AppIcon;
				INFOPLIST_FILE = CustomSegues/Info.plist;
				LD_RUNPATH_SEARCH_PATHS = "$(inherited) @executable_path/Frameworks";
				PRODUCT_NAME = "$(TARGET_NAME)";
			};
			name = Release;
		};
		52C75C111A54442E00415F81 /* Debug */ = {
			isa = XCBuildConfiguration;
			buildSettings = {
				BUNDLE_LOADER = "$(TEST_HOST)";
				FRAMEWORK_SEARCH_PATHS = (
					"$(SDKROOT)/Developer/Library/Frameworks",
					"$(inherited)",
				);
				GCC_PREPROCESSOR_DEFINITIONS = (
					"DEBUG=1",
					"$(inherited)",
				);
				INFOPLIST_FILE = CustomSeguesTests/Info.plist;
				LD_RUNPATH_SEARCH_PATHS = "$(inherited) @executable_path/Frameworks @loader_path/Frameworks";
				PRODUCT_NAME = "$(TARGET_NAME)";
				TEST_HOST = "$(BUILT_PRODUCTS_DIR)/CustomSegues.app/CustomSegues";
			};
			name = Debug;
		};
		52C75C121A54442E00415F81 /* Release */ = {
			isa = XCBuildConfiguration;
			buildSettings = {
				BUNDLE_LOADER = "$(TEST_HOST)";
				FRAMEWORK_SEARCH_PATHS = (
					"$(SDKROOT)/Developer/Library/Frameworks",
					"$(inherited)",
				);
				INFOPLIST_FILE = CustomSeguesTests/Info.plist;
				LD_RUNPATH_SEARCH_PATHS = "$(inherited) @executable_path/Frameworks @loader_path/Frameworks";
				PRODUCT_NAME = "$(TARGET_NAME)";
				TEST_HOST = "$(BUILT_PRODUCTS_DIR)/CustomSegues.app/CustomSegues";
			};
			name = Release;
		};
/* End XCBuildConfiguration section */

/* Begin XCConfigurationList section */
		52C75BE91A54442E00415F81 /* Build configuration list for PBXProject "CustomSegues" */ = {
			isa = XCConfigurationList;
			buildConfigurations = (
				52C75C0B1A54442E00415F81 /* Debug */,
				52C75C0C1A54442E00415F81 /* Release */,
			);
			defaultConfigurationIsVisible = 0;
			defaultConfigurationName = Release;
		};
		52C75C0D1A54442E00415F81 /* Build configuration list for PBXNativeTarget "CustomSegues" */ = {
			isa = XCConfigurationList;
			buildConfigurations = (
				52C75C0E1A54442E00415F81 /* Debug */,
				52C75C0F1A54442E00415F81 /* Release */,
			);
			defaultConfigurationIsVisible = 0;
		};
		52C75C101A54442E00415F81 /* Build configuration list for PBXNativeTarget "CustomSeguesTests" */ = {
			isa = XCConfigurationList;
			buildConfigurations = (
				52C75C111A54442E00415F81 /* Debug */,
				52C75C121A54442E00415F81 /* Release */,
			);
			defaultConfigurationIsVisible = 0;
		};
/* End XCConfigurationList section */
	};
	rootObject = 52C75BE61A54442E00415F81 /* Project object */;
}
